
Microsoft Visual Studio Solution File, Format Version 12.00
# Visual Studio Version 16
VisualStudioVersion = 16.0.31321.278
MinimumVisualStudioVersion = 10.0.40219.1
Project("{8BC9CEB8-8B4A-11D0-8D11-00A0C91BC942}") = "High", "High\High.vcxproj", "{ED53F199-34F1-4F0D-8986-ABA336F66551}"
EndProject
Global
	GlobalSection(SolutionConfigurationPlatforms) = preSolution
		Debug|x64 = Debug|x64
		Debug|x86 = Debug|x86
		Release|x64 = Release|x64
		Release|x86 = Release|x86
	EndGlobalSection
	GlobalSection(ProjectConfigurationPlatforms) = postSolution
		{ED53F199-34F1-4F0D-8986-ABA336F66551}.Debug|x64.ActiveCfg = Debug|x64
		{ED53F199-34F1-4F0D-8986-ABA336F66551}.Debug|x64.Build.0 = Debug|x64
		{ED53F199-34F1-4F0D-8986-ABA336F66551}.Debug|x86.ActiveCfg = Debug|Win32
		{ED53F199-34F1-4F0D-8986-ABA336F66551}.Debug|x86.Build.0 = Debug|Win32
		{ED53F199-34F1-4F0D-8986-ABA336F66551}.Release|x64.ActiveCfg = Release|x64
		{ED53F199-34F1-4F0D-8986-ABA336F66551}.Release|x64.Build.0 = Release|x64
		{ED53F199-34F1-4F0D-8986-ABA336F66551}.Release|x86.ActiveCfg = Release|Win32
		{ED53F199-34F1-4F0D-8986-ABA336F66551}.Release|x86.Build.0 = Release|Win32
	EndGlobalSection
	GlobalSection(SolutionProperties) = preSolution
		HideSolutionNode = FALSE
	EndGlobalSection
	GlobalSection(ExtensibilityGlobals) = postSolution
		SolutionGuid = {419EEC6E-C623-48FA-BC33-72CCE26D1338}
	EndGlobalSection
EndGlobal
